
Microsoft Visual Studio Solution File, Format Version 12.00
# Visual Studio Version 17
VisualStudioVersion = 17.7.34221.43
MinimumVisualStudioVersion = 10.0.40219.1
Project("{2150E333-8FDC-42A3-9474-1A3956D46DE8}") = "WEB", "WEB", "{30D6581F-FDE9-47DD-B2F9-5A8A38159785}"
EndProject
Project("{2150E333-8FDC-42A3-9474-1A3956D46DE8}") = "ReportService", "ReportService", "{00D7E0DE-2021-4E82-A1AA-CD8FD2A656AC}"
EndProject
Project("{2150E333-8FDC-42A3-9474-1A3956D46DE8}") = "WindowsService", "WindowsService", "{BFC82F49-97D1-45FA-B7B4-8E7CA56AB5F8}"
EndProject
Project("{FAE04EC0-301F-11D3-BF4B-00C04F79EFBC}") = "DEV.Windows.Repository", "DEV.Windows.Repository\DEV.Windows.Repository.csproj", "{BE4F8A41-7B9A-47D2-BE5C-208DBDC58858}"
EndProject
Project("{FAE04EC0-301F-11D3-BF4B-00C04F79EFBC}") = "DEV.WinSelfHosting", "DEV.WinSelfHosting\DEV.WinSelfHosting.csproj", "{1E1134C0-572A-411D-AF0B-E7A59FEAEC8D}"
EndProject
Project("{FAE04EC0-301F-11D3-BF4B-00C04F79EFBC}") = "Dev.Win.Common", "Dev.Win.Common\Dev.Win.Common.csproj", "{8772EC1C-224F-4DA6-9C8F-5D2C1C5D86CE}"
EndProject
Project("{FAE04EC0-301F-11D3-BF4B-00C04F79EFBC}") = "Dev.WinService", "Dev.WinService\Dev.WinService.csproj", "{7C3C9889-00B7-4CC8-B98B-E02F3A6A1784}"
EndProject
Project("{FAE04EC0-301F-11D3-BF4B-00C04F79EFBC}") = "Service.Model", "SERVICE.MODEL\Service.Model.csproj", "{6477FC2E-8845-569F-5275-FC98F0EFB75A}"
EndProject
Project("{FAE04EC0-301F-11D3-BF4B-00C04F79EFBC}") = "Service.Model.EF", "SERVICE.MODEL.EF\Service.Model.EF.csproj", "{7BB42224-F33E-55E8-8E86-3F38912F06F6}"
EndProject
Project("{FAE04EC0-301F-11D3-BF4B-00C04F79EFBC}") = "Service.Common", "SERVICE.COMMON\Service.Common.csproj", "{C0A26833-5216-AF89-38F4-E9564519BCF5}"
EndProject
Project("{FAE04EC0-301F-11D3-BF4B-00C04F79EFBC}") = "Shared", "SERVICE.SHARED\Shared.csproj", "{B1AE8A64-F4A5-E07B-66C4-31000A40DF2C}"
EndProject
Project("{FAE04EC0-301F-11D3-BF4B-00C04F79EFBC}") = "Shared", "SERVICE.BLOODBANK\BloodBank\Shared\Shared.csproj", "{7351CEF5-4587-6A68-0743-2210C0B22E91}"
EndProject
Project("{FAE04EC0-301F-11D3-BF4B-00C04F79EFBC}") = "MasterManagement.Contracts", "SERVICE.BLOODBANK\BloodBank\MasterManagement.Contracts\MasterManagement.Contracts.csproj", "{B8324ED0-853E-BCF2-8109-CFB03520F830}"
EndProject
Project("{FAE04EC0-301F-11D3-BF4B-00C04F79EFBC}") = "BloodBankManagement.Contracts", "SERVICE.BLOODBANK\BloodBank\BloodBankManagement.Contracts\BloodBankManagement.Contracts.csproj", "{3540B887-5E9E-ACE2-079F-9831470755A9}"
EndProject
Project("{FAE04EC0-301F-11D3-BF4B-00C04F79EFBC}") = "MasterManagement", "SERVICE.BLOODBANK\BloodBank\MasterManagement\MasterManagement.csproj", "{A6BC4FFD-7F4F-478C-90CA-18B915E0282B}"
EndProject
Project("{FAE04EC0-301F-11D3-BF4B-00C04F79EFBC}") = "BloodBankManagement", "SERVICE.BLOODBANK\BloodBank\BloodBankManagement\BloodBankManagement.csproj", "{9329BD3A-6A0C-DCDD-533A-1ADA7CFA8CC7}"
EndProject
Project("{FAE04EC0-301F-11D3-BF4B-00C04F79EFBC}") = "Service.API", "SERVICE.LIS\Service.API.csproj", "{A03CB14B-18EA-C1EC-1372-55A613B9C1DB}"
EndProject
Project("{FAE04EC0-301F-11D3-BF4B-00C04F79EFBC}") = "Service.IRepository", "SERVICE.IREPOSITORY\Service.IRepository.csproj", "{694B94E6-BA51-09F4-8CA3-FEB291BCB2BC}"
EndProject
Project("{FAE04EC0-301F-11D3-BF4B-00C04F79EFBC}") = "Service.Repository", "SERVICE.REPOSITORY\Service.Repository.csproj", "{CE0674B7-1CC4-5254-DA5F-2937845E8AEB}"
EndProject
Global
	GlobalSection(SolutionConfigurationPlatforms) = preSolution
		Debug|Any CPU = Debug|Any CPU
		Debug|x64 = Debug|x64
		Debug|x86 = Debug|x86
		EasyTest|Any CPU = EasyTest|Any CPU
		EasyTest|x64 = EasyTest|x64
		EasyTest|x86 = EasyTest|x86
		Release|Any CPU = Release|Any CPU
		Release|x64 = Release|x64
		Release|x86 = Release|x86
	EndGlobalSection
	GlobalSection(ProjectConfigurationPlatforms) = postSolution
		{BE4F8A41-7B9A-47D2-BE5C-208DBDC58858}.Debug|Any CPU.ActiveCfg = Debug|Any CPU
		{BE4F8A41-7B9A-47D2-BE5C-208DBDC58858}.Debug|Any CPU.Build.0 = Debug|Any CPU
		{BE4F8A41-7B9A-47D2-BE5C-208DBDC58858}.Debug|x64.ActiveCfg = Debug|Any CPU
		{BE4F8A41-7B9A-47D2-BE5C-208DBDC58858}.Debug|x64.Build.0 = Debug|Any CPU
		{BE4F8A41-7B9A-47D2-BE5C-208DBDC58858}.Debug|x86.ActiveCfg = Debug|Any CPU
		{BE4F8A41-7B9A-47D2-BE5C-208DBDC58858}.Debug|x86.Build.0 = Debug|Any CPU
		{BE4F8A41-7B9A-47D2-BE5C-208DBDC58858}.EasyTest|Any CPU.ActiveCfg = Debug|Any CPU
		{BE4F8A41-7B9A-47D2-BE5C-208DBDC58858}.EasyTest|Any CPU.Build.0 = Debug|Any CPU
		{BE4F8A41-7B9A-47D2-BE5C-208DBDC58858}.EasyTest|x64.ActiveCfg = Debug|Any CPU
		{BE4F8A41-7B9A-47D2-BE5C-208DBDC58858}.EasyTest|x64.Build.0 = Debug|Any CPU
		{BE4F8A41-7B9A-47D2-BE5C-208DBDC58858}.EasyTest|x86.ActiveCfg = Debug|Any CPU
		{BE4F8A41-7B9A-47D2-BE5C-208DBDC58858}.EasyTest|x86.Build.0 = Debug|Any CPU
		{BE4F8A41-7B9A-47D2-BE5C-208DBDC58858}.Release|Any CPU.ActiveCfg = Release|Any CPU
		{BE4F8A41-7B9A-47D2-BE5C-208DBDC58858}.Release|Any CPU.Build.0 = Release|Any CPU
		{BE4F8A41-7B9A-47D2-BE5C-208DBDC58858}.Release|x64.ActiveCfg = Release|Any CPU
		{BE4F8A41-7B9A-47D2-BE5C-208DBDC58858}.Release|x64.Build.0 = Release|Any CPU
		{BE4F8A41-7B9A-47D2-BE5C-208DBDC58858}.Release|x86.ActiveCfg = Release|Any CPU
		{BE4F8A41-7B9A-47D2-BE5C-208DBDC58858}.Release|x86.Build.0 = Release|Any CPU
		{1E1134C0-572A-411D-AF0B-E7A59FEAEC8D}.Debug|Any CPU.ActiveCfg = Debug|Any CPU
		{1E1134C0-572A-411D-AF0B-E7A59FEAEC8D}.Debug|Any CPU.Build.0 = Debug|Any CPU
		{1E1134C0-572A-411D-AF0B-E7A59FEAEC8D}.Debug|x64.ActiveCfg = Debug|Any CPU
		{1E1134C0-572A-411D-AF0B-E7A59FEAEC8D}.Debug|x64.Build.0 = Debug|Any CPU
		{1E1134C0-572A-411D-AF0B-E7A59FEAEC8D}.Debug|x86.ActiveCfg = Debug|Any CPU
		{1E1134C0-572A-411D-AF0B-E7A59FEAEC8D}.Debug|x86.Build.0 = Debug|Any CPU
		{1E1134C0-572A-411D-AF0B-E7A59FEAEC8D}.EasyTest|Any CPU.ActiveCfg = Debug|Any CPU
		{1E1134C0-572A-411D-AF0B-E7A59FEAEC8D}.EasyTest|Any CPU.Build.0 = Debug|Any CPU
		{1E1134C0-572A-411D-AF0B-E7A59FEAEC8D}.EasyTest|x64.ActiveCfg = Debug|Any CPU
		{1E1134C0-572A-411D-AF0B-E7A59FEAEC8D}.EasyTest|x64.Build.0 = Debug|Any CPU
		{1E1134C0-572A-411D-AF0B-E7A59FEAEC8D}.EasyTest|x86.ActiveCfg = Debug|Any CPU
		{1E1134C0-572A-411D-AF0B-E7A59FEAEC8D}.EasyTest|x86.Build.0 = Debug|Any CPU
		{1E1134C0-572A-411D-AF0B-E7A59FEAEC8D}.Release|Any CPU.ActiveCfg = Release|Any CPU
		{1E1134C0-572A-411D-AF0B-E7A59FEAEC8D}.Release|Any CPU.Build.0 = Release|Any CPU
		{1E1134C0-572A-411D-AF0B-E7A59FEAEC8D}.Release|x64.ActiveCfg = Release|Any CPU
		{1E1134C0-572A-411D-AF0B-E7A59FEAEC8D}.Release|x64.Build.0 = Release|Any CPU
		{1E1134C0-572A-411D-AF0B-E7A59FEAEC8D}.Release|x86.ActiveCfg = Release|Any CPU
		{1E1134C0-572A-411D-AF0B-E7A59FEAEC8D}.Release|x86.Build.0 = Release|Any CPU
		{8772EC1C-224F-4DA6-9C8F-5D2C1C5D86CE}.Debug|Any CPU.ActiveCfg = Debug|Any CPU
		{8772EC1C-224F-4DA6-9C8F-5D2C1C5D86CE}.Debug|Any CPU.Build.0 = Debug|Any CPU
		{8772EC1C-224F-4DA6-9C8F-5D2C1C5D86CE}.Debug|x64.ActiveCfg = Debug|Any CPU
		{8772EC1C-224F-4DA6-9C8F-5D2C1C5D86CE}.Debug|x64.Build.0 = Debug|Any CPU
		{8772EC1C-224F-4DA6-9C8F-5D2C1C5D86CE}.Debug|x86.ActiveCfg = Debug|Any CPU
		{8772EC1C-224F-4DA6-9C8F-5D2C1C5D86CE}.Debug|x86.Build.0 = Debug|Any CPU
		{8772EC1C-224F-4DA6-9C8F-5D2C1C5D86CE}.EasyTest|Any CPU.ActiveCfg = Debug|Any CPU
		{8772EC1C-224F-4DA6-9C8F-5D2C1C5D86CE}.EasyTest|Any CPU.Build.0 = Debug|Any CPU
		{8772EC1C-224F-4DA6-9C8F-5D2C1C5D86CE}.EasyTest|x64.ActiveCfg = Debug|Any CPU
		{8772EC1C-224F-4DA6-9C8F-5D2C1C5D86CE}.EasyTest|x64.Build.0 = Debug|Any CPU
		{8772EC1C-224F-4DA6-9C8F-5D2C1C5D86CE}.EasyTest|x86.ActiveCfg = Debug|Any CPU
		{8772EC1C-224F-4DA6-9C8F-5D2C1C5D86CE}.EasyTest|x86.Build.0 = Debug|Any CPU
		{8772EC1C-224F-4DA6-9C8F-5D2C1C5D86CE}.Release|Any CPU.ActiveCfg = Release|Any CPU
		{8772EC1C-224F-4DA6-9C8F-5D2C1C5D86CE}.Release|Any CPU.Build.0 = Release|Any CPU
		{8772EC1C-224F-4DA6-9C8F-5D2C1C5D86CE}.Release|x64.ActiveCfg = Release|Any CPU
		{8772EC1C-224F-4DA6-9C8F-5D2C1C5D86CE}.Release|x64.Build.0 = Release|Any CPU
		{8772EC1C-224F-4DA6-9C8F-5D2C1C5D86CE}.Release|x86.ActiveCfg = Release|Any CPU
		{8772EC1C-224F-4DA6-9C8F-5D2C1C5D86CE}.Release|x86.Build.0 = Release|Any CPU
		{7C3C9889-00B7-4CC8-B98B-E02F3A6A1784}.Debug|Any CPU.ActiveCfg = Debug|Any CPU
		{7C3C9889-00B7-4CC8-B98B-E02F3A6A1784}.Debug|Any CPU.Build.0 = Debug|Any CPU
		{7C3C9889-00B7-4CC8-B98B-E02F3A6A1784}.Debug|x64.ActiveCfg = Debug|Any CPU
		{7C3C9889-00B7-4CC8-B98B-E02F3A6A1784}.Debug|x64.Build.0 = Debug|Any CPU
		{7C3C9889-00B7-4CC8-B98B-E02F3A6A1784}.Debug|x86.ActiveCfg = Debug|Any CPU
		{7C3C9889-00B7-4CC8-B98B-E02F3A6A1784}.Debug|x86.Build.0 = Debug|Any CPU
		{7C3C9889-00B7-4CC8-B98B-E02F3A6A1784}.EasyTest|Any CPU.ActiveCfg = Debug|Any CPU
		{7C3C9889-00B7-4CC8-B98B-E02F3A6A1784}.EasyTest|Any CPU.Build.0 = Debug|Any CPU
		{7C3C9889-00B7-4CC8-B98B-E02F3A6A1784}.EasyTest|x64.ActiveCfg = Debug|Any CPU
		{7C3C9889-00B7-4CC8-B98B-E02F3A6A1784}.EasyTest|x64.Build.0 = Debug|Any CPU
		{7C3C9889-00B7-4CC8-B98B-E02F3A6A1784}.EasyTest|x86.ActiveCfg = Debug|Any CPU
		{7C3C9889-00B7-4CC8-B98B-E02F3A6A1784}.EasyTest|x86.Build.0 = Debug|Any CPU
		{7C3C9889-00B7-4CC8-B98B-E02F3A6A1784}.Release|Any CPU.ActiveCfg = Release|Any CPU
		{7C3C9889-00B7-4CC8-B98B-E02F3A6A1784}.Release|Any CPU.Build.0 = Release|Any CPU
		{7C3C9889-00B7-4CC8-B98B-E02F3A6A1784}.Release|x64.ActiveCfg = Release|Any CPU
		{7C3C9889-00B7-4CC8-B98B-E02F3A6A1784}.Release|x64.Build.0 = Release|Any CPU
		{7C3C9889-00B7-4CC8-B98B-E02F3A6A1784}.Release|x86.ActiveCfg = Release|Any CPU
		{7C3C9889-00B7-4CC8-B98B-E02F3A6A1784}.Release|x86.Build.0 = Release|Any CPU
		{6477FC2E-8845-569F-5275-FC98F0EFB75A}.Debug|Any CPU.ActiveCfg = Debug|Any CPU
		{6477FC2E-8845-569F-5275-FC98F0EFB75A}.Debug|Any CPU.Build.0 = Debug|Any CPU
		{6477FC2E-8845-569F-5275-FC98F0EFB75A}.Debug|x64.ActiveCfg = Debug|Any CPU
		{6477FC2E-8845-569F-5275-FC98F0EFB75A}.Debug|x64.Build.0 = Debug|Any CPU
		{6477FC2E-8845-569F-5275-FC98F0EFB75A}.Debug|x86.ActiveCfg = Debug|Any CPU
		{6477FC2E-8845-569F-5275-FC98F0EFB75A}.Debug|x86.Build.0 = Debug|Any CPU
		{6477FC2E-8845-569F-5275-FC98F0EFB75A}.EasyTest|Any CPU.ActiveCfg = Release|Any CPU
		{6477FC2E-8845-569F-5275-FC98F0EFB75A}.EasyTest|Any CPU.Build.0 = Release|Any CPU
		{6477FC2E-8845-569F-5275-FC98F0EFB75A}.EasyTest|x64.ActiveCfg = Release|Any CPU
		{6477FC2E-8845-569F-5275-FC98F0EFB75A}.EasyTest|x64.Build.0 = Release|Any CPU
		{6477FC2E-8845-569F-5275-FC98F0EFB75A}.EasyTest|x86.ActiveCfg = Release|Any CPU
		{6477FC2E-8845-569F-5275-FC98F0EFB75A}.EasyTest|x86.Build.0 = Release|Any CPU
		{6477FC2E-8845-569F-5275-FC98F0EFB75A}.Release|Any CPU.ActiveCfg = Release|Any CPU
		{6477FC2E-8845-569F-5275-FC98F0EFB75A}.Release|Any CPU.Build.0 = Release|Any CPU
		{6477FC2E-8845-569F-5275-FC98F0EFB75A}.Release|x64.ActiveCfg = Release|Any CPU
		{6477FC2E-8845-569F-5275-FC98F0EFB75A}.Release|x64.Build.0 = Release|Any CPU
		{6477FC2E-8845-569F-5275-FC98F0EFB75A}.Release|x86.ActiveCfg = Release|Any CPU
		{6477FC2E-8845-569F-5275-FC98F0EFB75A}.Release|x86.Build.0 = Release|Any CPU
		{7BB42224-F33E-55E8-8E86-3F38912F06F6}.Debug|Any CPU.ActiveCfg = Debug|Any CPU
		{7BB42224-F33E-55E8-8E86-3F38912F06F6}.Debug|Any CPU.Build.0 = Debug|Any CPU
		{7BB42224-F33E-55E8-8E86-3F38912F06F6}.Debug|x64.ActiveCfg = Debug|Any CPU
		{7BB42224-F33E-55E8-8E86-3F38912F06F6}.Debug|x64.Build.0 = Debug|Any CPU
		{7BB42224-F33E-55E8-8E86-3F38912F06F6}.Debug|x86.ActiveCfg = Debug|Any CPU
		{7BB42224-F33E-55E8-8E86-3F38912F06F6}.Debug|x86.Build.0 = Debug|Any CPU
		{7BB42224-F33E-55E8-8E86-3F38912F06F6}.EasyTest|Any CPU.ActiveCfg = Release|Any CPU
		{7BB42224-F33E-55E8-8E86-3F38912F06F6}.EasyTest|Any CPU.Build.0 = Release|Any CPU
		{7BB42224-F33E-55E8-8E86-3F38912F06F6}.EasyTest|x64.ActiveCfg = Release|Any CPU
		{7BB42224-F33E-55E8-8E86-3F38912F06F6}.EasyTest|x64.Build.0 = Release|Any CPU
		{7BB42224-F33E-55E8-8E86-3F38912F06F6}.EasyTest|x86.ActiveCfg = Release|Any CPU
		{7BB42224-F33E-55E8-8E86-3F38912F06F6}.EasyTest|x86.Build.0 = Release|Any CPU
		{7BB42224-F33E-55E8-8E86-3F38912F06F6}.Release|Any CPU.ActiveCfg = Release|Any CPU
		{7BB42224-F33E-55E8-8E86-3F38912F06F6}.Release|Any CPU.Build.0 = Release|Any CPU
		{7BB42224-F33E-55E8-8E86-3F38912F06F6}.Release|x64.ActiveCfg = Release|Any CPU
		{7BB42224-F33E-55E8-8E86-3F38912F06F6}.Release|x64.Build.0 = Release|Any CPU
		{7BB42224-F33E-55E8-8E86-3F38912F06F6}.Release|x86.ActiveCfg = Release|Any CPU
		{7BB42224-F33E-55E8-8E86-3F38912F06F6}.Release|x86.Build.0 = Release|Any CPU
		{C0A26833-5216-AF89-38F4-E9564519BCF5}.Debug|Any CPU.ActiveCfg = Debug|Any CPU
		{C0A26833-5216-AF89-38F4-E9564519BCF5}.Debug|Any CPU.Build.0 = Debug|Any CPU
		{C0A26833-5216-AF89-38F4-E9564519BCF5}.Debug|x64.ActiveCfg = Debug|Any CPU
		{C0A26833-5216-AF89-38F4-E9564519BCF5}.Debug|x64.Build.0 = Debug|Any CPU
		{C0A26833-5216-AF89-38F4-E9564519BCF5}.Debug|x86.ActiveCfg = Debug|Any CPU
		{C0A26833-5216-AF89-38F4-E9564519BCF5}.Debug|x86.Build.0 = Debug|Any CPU
		{C0A26833-5216-AF89-38F4-E9564519BCF5}.EasyTest|Any CPU.ActiveCfg = Release|Any CPU
		{C0A26833-5216-AF89-38F4-E9564519BCF5}.EasyTest|Any CPU.Build.0 = Release|Any CPU
		{C0A26833-5216-AF89-38F4-E9564519BCF5}.EasyTest|x64.ActiveCfg = Release|Any CPU
		{C0A26833-5216-AF89-38F4-E9564519BCF5}.EasyTest|x64.Build.0 = Release|Any CPU
		{C0A26833-5216-AF89-38F4-E9564519BCF5}.EasyTest|x86.ActiveCfg = Release|Any CPU
		{C0A26833-5216-AF89-38F4-E9564519BCF5}.EasyTest|x86.Build.0 = Release|Any CPU
		{C0A26833-5216-AF89-38F4-E9564519BCF5}.Release|Any CPU.ActiveCfg = Release|Any CPU
		{C0A26833-5216-AF89-38F4-E9564519BCF5}.Release|Any CPU.Build.0 = Release|Any CPU
		{C0A26833-5216-AF89-38F4-E9564519BCF5}.Release|x64.ActiveCfg = Release|Any CPU
		{C0A26833-5216-AF89-38F4-E9564519BCF5}.Release|x64.Build.0 = Release|Any CPU
		{C0A26833-5216-AF89-38F4-E9564519BCF5}.Release|x86.ActiveCfg = Release|Any CPU
		{C0A26833-5216-AF89-38F4-E9564519BCF5}.Release|x86.Build.0 = Release|Any CPU
		{B1AE8A64-F4A5-E07B-66C4-31000A40DF2C}.Debug|Any CPU.ActiveCfg = Debug|Any CPU
		{B1AE8A64-F4A5-E07B-66C4-31000A40DF2C}.Debug|Any CPU.Build.0 = Debug|Any CPU
		{B1AE8A64-F4A5-E07B-66C4-31000A40DF2C}.Debug|x64.ActiveCfg = Debug|Any CPU
		{B1AE8A64-F4A5-E07B-66C4-31000A40DF2C}.Debug|x64.Build.0 = Debug|Any CPU
		{B1AE8A64-F4A5-E07B-66C4-31000A40DF2C}.Debug|x86.ActiveCfg = Debug|Any CPU
		{B1AE8A64-F4A5-E07B-66C4-31000A40DF2C}.Debug|x86.Build.0 = Debug|Any CPU
		{B1AE8A64-F4A5-E07B-66C4-31000A40DF2C}.EasyTest|Any CPU.ActiveCfg = Release|Any CPU
		{B1AE8A64-F4A5-E07B-66C4-31000A40DF2C}.EasyTest|Any CPU.Build.0 = Release|Any CPU
		{B1AE8A64-F4A5-E07B-66C4-31000A40DF2C}.EasyTest|x64.ActiveCfg = Release|Any CPU
		{B1AE8A64-F4A5-E07B-66C4-31000A40DF2C}.EasyTest|x64.Build.0 = Release|Any CPU
		{B1AE8A64-F4A5-E07B-66C4-31000A40DF2C}.EasyTest|x86.ActiveCfg = Release|Any CPU
		{B1AE8A64-F4A5-E07B-66C4-31000A40DF2C}.EasyTest|x86.Build.0 = Release|Any CPU
		{B1AE8A64-F4A5-E07B-66C4-31000A40DF2C}.Release|Any CPU.ActiveCfg = Release|Any CPU
		{B1AE8A64-F4A5-E07B-66C4-31000A40DF2C}.Release|Any CPU.Build.0 = Release|Any CPU
		{B1AE8A64-F4A5-E07B-66C4-31000A40DF2C}.Release|x64.ActiveCfg = Release|Any CPU
		{B1AE8A64-F4A5-E07B-66C4-31000A40DF2C}.Release|x64.Build.0 = Release|Any CPU
		{B1AE8A64-F4A5-E07B-66C4-31000A40DF2C}.Release|x86.ActiveCfg = Release|Any CPU
		{B1AE8A64-F4A5-E07B-66C4-31000A40DF2C}.Release|x86.Build.0 = Release|Any CPU
		{7351CEF5-4587-6A68-0743-2210C0B22E91}.Debug|Any CPU.ActiveCfg = Debug|Any CPU
		{7351CEF5-4587-6A68-0743-2210C0B22E91}.Debug|Any CPU.Build.0 = Debug|Any CPU
		{7351CEF5-4587-6A68-0743-2210C0B22E91}.Debug|x64.ActiveCfg = Debug|Any CPU
		{7351CEF5-4587-6A68-0743-2210C0B22E91}.Debug|x64.Build.0 = Debug|Any CPU
		{7351CEF5-4587-6A68-0743-2210C0B22E91}.Debug|x86.ActiveCfg = Debug|Any CPU
		{7351CEF5-4587-6A68-0743-2210C0B22E91}.Debug|x86.Build.0 = Debug|Any CPU
		{7351CEF5-4587-6A68-0743-2210C0B22E91}.EasyTest|Any CPU.ActiveCfg = Release|Any CPU
		{7351CEF5-4587-6A68-0743-2210C0B22E91}.EasyTest|Any CPU.Build.0 = Release|Any CPU
		{7351CEF5-4587-6A68-0743-2210C0B22E91}.EasyTest|x64.ActiveCfg = Release|Any CPU
		{7351CEF5-4587-6A68-0743-2210C0B22E91}.EasyTest|x64.Build.0 = Release|Any CPU
		{7351CEF5-4587-6A68-0743-2210C0B22E91}.EasyTest|x86.ActiveCfg = Release|Any CPU
		{7351CEF5-4587-6A68-0743-2210C0B22E91}.EasyTest|x86.Build.0 = Release|Any CPU
		{7351CEF5-4587-6A68-0743-2210C0B22E91}.Release|Any CPU.ActiveCfg = Release|Any CPU
		{7351CEF5-4587-6A68-0743-2210C0B22E91}.Release|Any CPU.Build.0 = Release|Any CPU
		{7351CEF5-4587-6A68-0743-2210C0B22E91}.Release|x64.ActiveCfg = Release|Any CPU
		{7351CEF5-4587-6A68-0743-2210C0B22E91}.Release|x64.Build.0 = Release|Any CPU
		{7351CEF5-4587-6A68-0743-2210C0B22E91}.Release|x86.ActiveCfg = Release|Any CPU
		{7351CEF5-4587-6A68-0743-2210C0B22E91}.Release|x86.Build.0 = Release|Any CPU
		{B8324ED0-853E-BCF2-8109-CFB03520F830}.Debug|Any CPU.ActiveCfg = Debug|Any CPU
		{B8324ED0-853E-BCF2-8109-CFB03520F830}.Debug|Any CPU.Build.0 = Debug|Any CPU
		{B8324ED0-853E-BCF2-8109-CFB03520F830}.Debug|x64.ActiveCfg = Debug|Any CPU
		{B8324ED0-853E-BCF2-8109-CFB03520F830}.Debug|x64.Build.0 = Debug|Any CPU
		{B8324ED0-853E-BCF2-8109-CFB03520F830}.Debug|x86.ActiveCfg = Debug|Any CPU
		{B8324ED0-853E-BCF2-8109-CFB03520F830}.Debug|x86.Build.0 = Debug|Any CPU
		{B8324ED0-853E-BCF2-8109-CFB03520F830}.EasyTest|Any CPU.ActiveCfg = Release|Any CPU
		{B8324ED0-853E-BCF2-8109-CFB03520F830}.EasyTest|Any CPU.Build.0 = Release|Any CPU
		{B8324ED0-853E-BCF2-8109-CFB03520F830}.EasyTest|x64.ActiveCfg = Release|Any CPU
		{B8324ED0-853E-BCF2-8109-CFB03520F830}.EasyTest|x64.Build.0 = Release|Any CPU
		{B8324ED0-853E-BCF2-8109-CFB03520F830}.EasyTest|x86.ActiveCfg = Release|Any CPU
		{B8324ED0-853E-BCF2-8109-CFB03520F830}.EasyTest|x86.Build.0 = Release|Any CPU
		{B8324ED0-853E-BCF2-8109-CFB03520F830}.Release|Any CPU.ActiveCfg = Release|Any CPU
		{B8324ED0-853E-BCF2-8109-CFB03520F830}.Release|Any CPU.Build.0 = Release|Any CPU
		{B8324ED0-853E-BCF2-8109-CFB03520F830}.Release|x64.ActiveCfg = Release|Any CPU
		{B8324ED0-853E-BCF2-8109-CFB03520F830}.Release|x64.Build.0 = Release|Any CPU
		{B8324ED0-853E-BCF2-8109-CFB03520F830}.Release|x86.ActiveCfg = Release|Any CPU
		{B8324ED0-853E-BCF2-8109-CFB03520F830}.Release|x86.Build.0 = Release|Any CPU
		{3540B887-5E9E-ACE2-079F-9831470755A9}.Debug|Any CPU.ActiveCfg = Debug|Any CPU
		{3540B887-5E9E-ACE2-079F-9831470755A9}.Debug|Any CPU.Build.0 = Debug|Any CPU
		{3540B887-5E9E-ACE2-079F-9831470755A9}.Debug|x64.ActiveCfg = Debug|Any CPU
		{3540B887-5E9E-ACE2-079F-9831470755A9}.Debug|x64.Build.0 = Debug|Any CPU
		{3540B887-5E9E-ACE2-079F-9831470755A9}.Debug|x86.ActiveCfg = Debug|Any CPU
		{3540B887-5E9E-ACE2-079F-9831470755A9}.Debug|x86.Build.0 = Debug|Any CPU
		{3540B887-5E9E-ACE2-079F-9831470755A9}.EasyTest|Any CPU.ActiveCfg = Release|Any CPU
		{3540B887-5E9E-ACE2-079F-9831470755A9}.EasyTest|Any CPU.Build.0 = Release|Any CPU
		{3540B887-5E9E-ACE2-079F-9831470755A9}.EasyTest|x64.ActiveCfg = Release|Any CPU
		{3540B887-5E9E-ACE2-079F-9831470755A9}.EasyTest|x64.Build.0 = Release|Any CPU
		{3540B887-5E9E-ACE2-079F-9831470755A9}.EasyTest|x86.ActiveCfg = Release|Any CPU
		{3540B887-5E9E-ACE2-079F-9831470755A9}.EasyTest|x86.Build.0 = Release|Any CPU
		{3540B887-5E9E-ACE2-079F-9831470755A9}.Release|Any CPU.ActiveCfg = Release|Any CPU
		{3540B887-5E9E-ACE2-079F-9831470755A9}.Release|Any CPU.Build.0 = Release|Any CPU
		{3540B887-5E9E-ACE2-079F-9831470755A9}.Release|x64.ActiveCfg = Release|Any CPU
		{3540B887-5E9E-ACE2-079F-9831470755A9}.Release|x64.Build.0 = Release|Any CPU
		{3540B887-5E9E-ACE2-079F-9831470755A9}.Release|x86.ActiveCfg = Release|Any CPU
		{3540B887-5E9E-ACE2-079F-9831470755A9}.Release|x86.Build.0 = Release|Any CPU
		{A6BC4FFD-7F4F-478C-90CA-18B915E0282B}.Debug|Any CPU.ActiveCfg = Debug|Any CPU
		{A6BC4FFD-7F4F-478C-90CA-18B915E0282B}.Debug|Any CPU.Build.0 = Debug|Any CPU
		{A6BC4FFD-7F4F-478C-90CA-18B915E0282B}.Debug|x64.ActiveCfg = Debug|Any CPU
		{A6BC4FFD-7F4F-478C-90CA-18B915E0282B}.Debug|x64.Build.0 = Debug|Any CPU
		{A6BC4FFD-7F4F-478C-90CA-18B915E0282B}.Debug|x86.ActiveCfg = Debug|Any CPU
		{A6BC4FFD-7F4F-478C-90CA-18B915E0282B}.Debug|x86.Build.0 = Debug|Any CPU
		{A6BC4FFD-7F4F-478C-90CA-18B915E0282B}.EasyTest|Any CPU.ActiveCfg = Release|Any CPU
		{A6BC4FFD-7F4F-478C-90CA-18B915E0282B}.EasyTest|Any CPU.Build.0 = Release|Any CPU
		{A6BC4FFD-7F4F-478C-90CA-18B915E0282B}.EasyTest|x64.ActiveCfg = Release|Any CPU
		{A6BC4FFD-7F4F-478C-90CA-18B915E0282B}.EasyTest|x64.Build.0 = Release|Any CPU
		{A6BC4FFD-7F4F-478C-90CA-18B915E0282B}.EasyTest|x86.ActiveCfg = Release|Any CPU
		{A6BC4FFD-7F4F-478C-90CA-18B915E0282B}.EasyTest|x86.Build.0 = Release|Any CPU
		{A6BC4FFD-7F4F-478C-90CA-18B915E0282B}.Release|Any CPU.ActiveCfg = Release|Any CPU
		{A6BC4FFD-7F4F-478C-90CA-18B915E0282B}.Release|Any CPU.Build.0 = Release|Any CPU
		{A6BC4FFD-7F4F-478C-90CA-18B915E0282B}.Release|x64.ActiveCfg = Release|Any CPU
		{A6BC4FFD-7F4F-478C-90CA-18B915E0282B}.Release|x64.Build.0 = Release|Any CPU
		{A6BC4FFD-7F4F-478C-90CA-18B915E0282B}.Release|x86.ActiveCfg = Release|Any CPU
		{A6BC4FFD-7F4F-478C-90CA-18B915E0282B}.Release|x86.Build.0 = Release|Any CPU
		{9329BD3A-6A0C-DCDD-533A-1ADA7CFA8CC7}.Debug|Any CPU.ActiveCfg = Debug|Any CPU
		{9329BD3A-6A0C-DCDD-533A-1ADA7CFA8CC7}.Debug|Any CPU.Build.0 = Debug|Any CPU
		{9329BD3A-6A0C-DCDD-533A-1ADA7CFA8CC7}.Debug|x64.ActiveCfg = Debug|Any CPU
		{9329BD3A-6A0C-DCDD-533A-1ADA7CFA8CC7}.Debug|x64.Build.0 = Debug|Any CPU
		{9329BD3A-6A0C-DCDD-533A-1ADA7CFA8CC7}.Debug|x86.ActiveCfg = Debug|Any CPU
		{9329BD3A-6A0C-DCDD-533A-1ADA7CFA8CC7}.Debug|x86.Build.0 = Debug|Any CPU
		{9329BD3A-6A0C-DCDD-533A-1ADA7CFA8CC7}.EasyTest|Any CPU.ActiveCfg = Release|Any CPU
		{9329BD3A-6A0C-DCDD-533A-1ADA7CFA8CC7}.EasyTest|Any CPU.Build.0 = Release|Any CPU
		{9329BD3A-6A0C-DCDD-533A-1ADA7CFA8CC7}.EasyTest|x64.ActiveCfg = Release|Any CPU
		{9329BD3A-6A0C-DCDD-533A-1ADA7CFA8CC7}.EasyTest|x64.Build.0 = Release|Any CPU
		{9329BD3A-6A0C-DCDD-533A-1ADA7CFA8CC7}.EasyTest|x86.ActiveCfg = Release|Any CPU
		{9329BD3A-6A0C-DCDD-533A-1ADA7CFA8CC7}.EasyTest|x86.Build.0 = Release|Any CPU
		{9329BD3A-6A0C-DCDD-533A-1ADA7CFA8CC7}.Release|Any CPU.ActiveCfg = Release|Any CPU
		{9329BD3A-6A0C-DCDD-533A-1ADA7CFA8CC7}.Release|Any CPU.Build.0 = Release|Any CPU
		{9329BD3A-6A0C-DCDD-533A-1ADA7CFA8CC7}.Release|x64.ActiveCfg = Release|Any CPU
		{9329BD3A-6A0C-DCDD-533A-1ADA7CFA8CC7}.Release|x64.Build.0 = Release|Any CPU
		{9329BD3A-6A0C-DCDD-533A-1ADA7CFA8CC7}.Release|x86.ActiveCfg = Release|Any CPU
		{9329BD3A-6A0C-DCDD-533A-1ADA7CFA8CC7}.Release|x86.Build.0 = Release|Any CPU
		{A03CB14B-18EA-C1EC-1372-55A613B9C1DB}.Debug|Any CPU.ActiveCfg = Debug|Any CPU
		{A03CB14B-18EA-C1EC-1372-55A613B9C1DB}.Debug|Any CPU.Build.0 = Debug|Any CPU
		{A03CB14B-18EA-C1EC-1372-55A613B9C1DB}.Debug|x64.ActiveCfg = Debug|Any CPU
		{A03CB14B-18EA-C1EC-1372-55A613B9C1DB}.Debug|x64.Build.0 = Debug|Any CPU
		{A03CB14B-18EA-C1EC-1372-55A613B9C1DB}.Debug|x86.ActiveCfg = Debug|Any CPU
		{A03CB14B-18EA-C1EC-1372-55A613B9C1DB}.Debug|x86.Build.0 = Debug|Any CPU
		{A03CB14B-18EA-C1EC-1372-55A613B9C1DB}.EasyTest|Any CPU.ActiveCfg = Release|Any CPU
		{A03CB14B-18EA-C1EC-1372-55A613B9C1DB}.EasyTest|Any CPU.Build.0 = Release|Any CPU
		{A03CB14B-18EA-C1EC-1372-55A613B9C1DB}.EasyTest|x64.ActiveCfg = Release|Any CPU
		{A03CB14B-18EA-C1EC-1372-55A613B9C1DB}.EasyTest|x64.Build.0 = Release|Any CPU
		{A03CB14B-18EA-C1EC-1372-55A613B9C1DB}.EasyTest|x86.ActiveCfg = Release|Any CPU
		{A03CB14B-18EA-C1EC-1372-55A613B9C1DB}.EasyTest|x86.Build.0 = Release|Any CPU
		{A03CB14B-18EA-C1EC-1372-55A613B9C1DB}.Release|Any CPU.ActiveCfg = Release|Any CPU
		{A03CB14B-18EA-C1EC-1372-55A613B9C1DB}.Release|Any CPU.Build.0 = Release|Any CPU
		{A03CB14B-18EA-C1EC-1372-55A613B9C1DB}.Release|x64.ActiveCfg = Release|Any CPU
		{A03CB14B-18EA-C1EC-1372-55A613B9C1DB}.Release|x64.Build.0 = Release|Any CPU
		{A03CB14B-18EA-C1EC-1372-55A613B9C1DB}.Release|x86.ActiveCfg = Release|Any CPU
		{A03CB14B-18EA-C1EC-1372-55A613B9C1DB}.Release|x86.Build.0 = Release|Any CPU
		{694B94E6-BA51-09F4-8CA3-FEB291BCB2BC}.Debug|Any CPU.ActiveCfg = Debug|Any CPU
		{694B94E6-BA51-09F4-8CA3-FEB291BCB2BC}.Debug|Any CPU.Build.0 = Debug|Any CPU
		{694B94E6-BA51-09F4-8CA3-FEB291BCB2BC}.Debug|x64.ActiveCfg = Debug|Any CPU
		{694B94E6-BA51-09F4-8CA3-FEB291BCB2BC}.Debug|x64.Build.0 = Debug|Any CPU
		{694B94E6-BA51-09F4-8CA3-FEB291BCB2BC}.Debug|x86.ActiveCfg = Debug|Any CPU
		{694B94E6-BA51-09F4-8CA3-FEB291BCB2BC}.Debug|x86.Build.0 = Debug|Any CPU
		{694B94E6-BA51-09F4-8CA3-FEB291BCB2BC}.EasyTest|Any CPU.ActiveCfg = Release|Any CPU
		{694B94E6-BA51-09F4-8CA3-FEB291BCB2BC}.EasyTest|Any CPU.Build.0 = Release|Any CPU
		{694B94E6-BA51-09F4-8CA3-FEB291BCB2BC}.EasyTest|x64.ActiveCfg = Release|Any CPU
		{694B94E6-BA51-09F4-8CA3-FEB291BCB2BC}.EasyTest|x64.Build.0 = Release|Any CPU
		{694B94E6-BA51-09F4-8CA3-FEB291BCB2BC}.EasyTest|x86.ActiveCfg = Release|Any CPU
		{694B94E6-BA51-09F4-8CA3-FEB291BCB2BC}.EasyTest|x86.Build.0 = Release|Any CPU
		{694B94E6-BA51-09F4-8CA3-FEB291BCB2BC}.Release|Any CPU.ActiveCfg = Release|Any CPU
		{694B94E6-BA51-09F4-8CA3-FEB291BCB2BC}.Release|Any CPU.Build.0 = Release|Any CPU
		{694B94E6-BA51-09F4-8CA3-FEB291BCB2BC}.Release|x64.ActiveCfg = Release|Any CPU
		{694B94E6-BA51-09F4-8CA3-FEB291BCB2BC}.Release|x64.Build.0 = Release|Any CPU
		{694B94E6-BA51-09F4-8CA3-FEB291BCB2BC}.Release|x86.ActiveCfg = Release|Any CPU
		{694B94E6-BA51-09F4-8CA3-FEB291BCB2BC}.Release|x86.Build.0 = Release|Any CPU
		{CE0674B7-1CC4-5254-DA5F-2937845E8AEB}.Debug|Any CPU.ActiveCfg = Debug|Any CPU
		{CE0674B7-1CC4-5254-DA5F-2937845E8AEB}.Debug|Any CPU.Build.0 = Debug|Any CPU
		{CE0674B7-1CC4-5254-DA5F-2937845E8AEB}.Debug|x64.ActiveCfg = Debug|Any CPU
		{CE0674B7-1CC4-5254-DA5F-2937845E8AEB}.Debug|x64.Build.0 = Debug|Any CPU
		{CE0674B7-1CC4-5254-DA5F-2937845E8AEB}.Debug|x86.ActiveCfg = Debug|Any CPU
		{CE0674B7-1CC4-5254-DA5F-2937845E8AEB}.Debug|x86.Build.0 = Debug|Any CPU
		{CE0674B7-1CC4-5254-DA5F-2937845E8AEB}.EasyTest|Any CPU.ActiveCfg = Release|Any CPU
		{CE0674B7-1CC4-5254-DA5F-2937845E8AEB}.EasyTest|Any CPU.Build.0 = Release|Any CPU
		{CE0674B7-1CC4-5254-DA5F-2937845E8AEB}.EasyTest|x64.ActiveCfg = Release|Any CPU
		{CE0674B7-1CC4-5254-DA5F-2937845E8AEB}.EasyTest|x64.Build.0 = Release|Any CPU
		{CE0674B7-1CC4-5254-DA5F-2937845E8AEB}.EasyTest|x86.ActiveCfg = Release|Any CPU
		{CE0674B7-1CC4-5254-DA5F-2937845E8AEB}.EasyTest|x86.Build.0 = Release|Any CPU
		{CE0674B7-1CC4-5254-DA5F-2937845E8AEB}.Release|Any CPU.ActiveCfg = Release|Any CPU
		{CE0674B7-1CC4-5254-DA5F-2937845E8AEB}.Release|Any CPU.Build.0 = Release|Any CPU
		{CE0674B7-1CC4-5254-DA5F-2937845E8AEB}.Release|x64.ActiveCfg = Release|Any CPU
		{CE0674B7-1CC4-5254-DA5F-2937845E8AEB}.Release|x64.Build.0 = Release|Any CPU
		{CE0674B7-1CC4-5254-DA5F-2937845E8AEB}.Release|x86.ActiveCfg = Release|Any CPU
		{CE0674B7-1CC4-5254-DA5F-2937845E8AEB}.Release|x86.Build.0 = Release|Any CPU
	EndGlobalSection
	GlobalSection(SolutionProperties) = preSolution
		HideSolutionNode = FALSE
	EndGlobalSection
	GlobalSection(NestedProjects) = preSolution
		{BE4F8A41-7B9A-47D2-BE5C-208DBDC58858} = {BFC82F49-97D1-45FA-B7B4-8E7CA56AB5F8}
		{1E1134C0-572A-411D-AF0B-E7A59FEAEC8D} = {BFC82F49-97D1-45FA-B7B4-8E7CA56AB5F8}
		{8772EC1C-224F-4DA6-9C8F-5D2C1C5D86CE} = {BFC82F49-97D1-45FA-B7B4-8E7CA56AB5F8}
		{7C3C9889-00B7-4CC8-B98B-E02F3A6A1784} = {BFC82F49-97D1-45FA-B7B4-8E7CA56AB5F8}
		{6477FC2E-8845-569F-5275-FC98F0EFB75A} = {30D6581F-FDE9-47DD-B2F9-5A8A38159785}
		{7BB42224-F33E-55E8-8E86-3F38912F06F6} = {30D6581F-FDE9-47DD-B2F9-5A8A38159785}
		{C0A26833-5216-AF89-38F4-E9564519BCF5} = {30D6581F-FDE9-47DD-B2F9-5A8A38159785}
		{B1AE8A64-F4A5-E07B-66C4-31000A40DF2C} = {30D6581F-FDE9-47DD-B2F9-5A8A38159785}
		{A03CB14B-18EA-C1EC-1372-55A613B9C1DB} = {30D6581F-FDE9-47DD-B2F9-5A8A38159785}
		{694B94E6-BA51-09F4-8CA3-FEB291BCB2BC} = {30D6581F-FDE9-47DD-B2F9-5A8A38159785}
		{CE0674B7-1CC4-5254-DA5F-2937845E8AEB} = {30D6581F-FDE9-47DD-B2F9-5A8A38159785}
	EndGlobalSection
	GlobalSection(ExtensibilityGlobals) = postSolution
		SolutionGuid = {F43A54D2-F20D-44AC-8363-64AD12007A1A}
	EndGlobalSection
EndGlobal
