
Microsoft Visual Studio Solution File, Format Version 12.00
# Visual Studio Version 17
VisualStudioVersion = 17.7.34221.43
MinimumVisualStudioVersion = 10.0.40219.1
Project("{9A19103F-16F7-4668-BE54-9A1E7A4F7556}") = "DEV.Model", "DEV.Model\DEV.Model.csproj", "{234B3053-DBE9-439B-A55C-6093AFA0550A}"
EndProject
Project("{9A19103F-16F7-4668-BE54-9A1E7A4F7556}") = "Dev.IRepository", "Dev.IRepository\Dev.IRepository.csproj", "{B7D96A35-E7AC-40AB-BBD9-D419FFB19BBB}"
EndProject
Project("{9A19103F-16F7-4668-BE54-9A1E7A4F7556}") = "Dev.Repository", "Dev.Repository\Dev.Repository.csproj", "{994049B4-8C8C-441F-8CB3-5EF0DCD3A642}"
EndProject
Project("{9A19103F-16F7-4668-BE54-9A1E7A4F7556}") = "DEV.Common", "DEV.Common\DEV.Common.csproj", "{05A982AF-40B2-4E86-84AF-E05D8F96AE07}"
EndProject
Project("{9A19103F-16F7-4668-BE54-9A1E7A4F7556}") = "DEV.Model.EF", "WEB.Model.EF\DEV.Model.EF.csproj", "{6F5181E8-0F79-4588-A73F-7EC85F2162E9}"
EndProject
Project("{9A19103F-16F7-4668-BE54-9A1E7A4F7556}") = "DEV.API.SERVICE", "DEV.API.SERVICE\DEV.API.SERVICE.csproj", "{6E100E0C-ED43-44DF-A7BD-903C2EC7F1C7}"
EndProject
Project("{2150E333-8FDC-42A3-9474-1A3956D46DE8}") = "WEB", "WEB", "{30D6581F-FDE9-47DD-B2F9-5A8A38159785}"
EndProject
Project("{2150E333-8FDC-42A3-9474-1A3956D46DE8}") = "ReportService", "ReportService", "{00D7E0DE-2021-4E82-A1AA-CD8FD2A656AC}"
EndProject
Project("{2150E333-8FDC-42A3-9474-1A3956D46DE8}") = "WindowsService", "WindowsService", "{BFC82F49-97D1-45FA-B7B4-8E7CA56AB5F8}"
EndProject
Project("{FAE04EC0-301F-11D3-BF4B-00C04F79EFBC}") = "DEV.Windows.Repository", "DEV.Windows.Repository\DEV.Windows.Repository.csproj", "{BE4F8A41-7B9A-47D2-BE5C-208DBDC58858}"
EndProject
Project("{FAE04EC0-301F-11D3-BF4B-00C04F79EFBC}") = "DEV.WinSelfHosting", "DEV.WinSelfHosting\DEV.WinSelfHosting.csproj", "{1E1134C0-572A-411D-AF0B-E7A59FEAEC8D}"
EndProject
Project("{FAE04EC0-301F-11D3-BF4B-00C04F79EFBC}") = "Dev.Win.Common", "Dev.Win.Common\Dev.Win.Common.csproj", "{8772EC1C-224F-4DA6-9C8F-5D2C1C5D86CE}"
EndProject
Project("{FAE04EC0-301F-11D3-BF4B-00C04F79EFBC}") = "Dev.WinService", "Dev.WinService\Dev.WinService.csproj", "{7C3C9889-00B7-4CC8-B98B-E02F3A6A1784}"
EndProject
Global
	GlobalSection(SolutionConfigurationPlatforms) = preSolution
		Debug|Any CPU = Debug|Any CPU
		Debug|x64 = Debug|x64
		Debug|x86 = Debug|x86
		EasyTest|Any CPU = EasyTest|Any CPU
		EasyTest|x64 = EasyTest|x64
		EasyTest|x86 = EasyTest|x86
		Release|Any CPU = Release|Any CPU
		Release|x64 = Release|x64
		Release|x86 = Release|x86
	EndGlobalSection
	GlobalSection(ProjectConfigurationPlatforms) = postSolution
		{234B3053-DBE9-439B-A55C-6093AFA0550A}.Debug|Any CPU.ActiveCfg = Debug|Any CPU
		{234B3053-DBE9-439B-A55C-6093AFA0550A}.Debug|Any CPU.Build.0 = Debug|Any CPU
		{234B3053-DBE9-439B-A55C-6093AFA0550A}.Debug|x64.ActiveCfg = Debug|Any CPU
		{234B3053-DBE9-439B-A55C-6093AFA0550A}.Debug|x64.Build.0 = Debug|Any CPU
		{234B3053-DBE9-439B-A55C-6093AFA0550A}.Debug|x86.ActiveCfg = Debug|Any CPU
		{234B3053-DBE9-439B-A55C-6093AFA0550A}.Debug|x86.Build.0 = Debug|Any CPU
		{234B3053-DBE9-439B-A55C-6093AFA0550A}.EasyTest|Any CPU.ActiveCfg = Release|Any CPU
		{234B3053-DBE9-439B-A55C-6093AFA0550A}.EasyTest|Any CPU.Build.0 = Release|Any CPU
		{234B3053-DBE9-439B-A55C-6093AFA0550A}.EasyTest|x64.ActiveCfg = Release|Any CPU
		{234B3053-DBE9-439B-A55C-6093AFA0550A}.EasyTest|x64.Build.0 = Release|Any CPU
		{234B3053-DBE9-439B-A55C-6093AFA0550A}.EasyTest|x86.ActiveCfg = Release|Any CPU
		{234B3053-DBE9-439B-A55C-6093AFA0550A}.EasyTest|x86.Build.0 = Release|Any CPU
		{234B3053-DBE9-439B-A55C-6093AFA0550A}.Release|Any CPU.ActiveCfg = Release|Any CPU
		{234B3053-DBE9-439B-A55C-6093AFA0550A}.Release|Any CPU.Build.0 = Release|Any CPU
		{234B3053-DBE9-439B-A55C-6093AFA0550A}.Release|x64.ActiveCfg = Release|Any CPU
		{234B3053-DBE9-439B-A55C-6093AFA0550A}.Release|x64.Build.0 = Release|Any CPU
		{234B3053-DBE9-439B-A55C-6093AFA0550A}.Release|x86.ActiveCfg = Release|Any CPU
		{234B3053-DBE9-439B-A55C-6093AFA0550A}.Release|x86.Build.0 = Release|Any CPU
		{B7D96A35-E7AC-40AB-BBD9-D419FFB19BBB}.Debug|Any CPU.ActiveCfg = Debug|Any CPU
		{B7D96A35-E7AC-40AB-BBD9-D419FFB19BBB}.Debug|Any CPU.Build.0 = Debug|Any CPU
		{B7D96A35-E7AC-40AB-BBD9-D419FFB19BBB}.Debug|x64.ActiveCfg = Debug|Any CPU
		{B7D96A35-E7AC-40AB-BBD9-D419FFB19BBB}.Debug|x64.Build.0 = Debug|Any CPU
		{B7D96A35-E7AC-40AB-BBD9-D419FFB19BBB}.Debug|x86.ActiveCfg = Debug|Any CPU
		{B7D96A35-E7AC-40AB-BBD9-D419FFB19BBB}.Debug|x86.Build.0 = Debug|Any CPU
		{B7D96A35-E7AC-40AB-BBD9-D419FFB19BBB}.EasyTest|Any CPU.ActiveCfg = Release|Any CPU
		{B7D96A35-E7AC-40AB-BBD9-D419FFB19BBB}.EasyTest|Any CPU.Build.0 = Release|Any CPU
		{B7D96A35-E7AC-40AB-BBD9-D419FFB19BBB}.EasyTest|x64.ActiveCfg = Release|Any CPU
		{B7D96A35-E7AC-40AB-BBD9-D419FFB19BBB}.EasyTest|x64.Build.0 = Release|Any CPU
		{B7D96A35-E7AC-40AB-BBD9-D419FFB19BBB}.EasyTest|x86.ActiveCfg = Release|Any CPU
		{B7D96A35-E7AC-40AB-BBD9-D419FFB19BBB}.EasyTest|x86.Build.0 = Release|Any CPU
		{B7D96A35-E7AC-40AB-BBD9-D419FFB19BBB}.Release|Any CPU.ActiveCfg = Release|Any CPU
		{B7D96A35-E7AC-40AB-BBD9-D419FFB19BBB}.Release|Any CPU.Build.0 = Release|Any CPU
		{B7D96A35-E7AC-40AB-BBD9-D419FFB19BBB}.Release|x64.ActiveCfg = Release|Any CPU
		{B7D96A35-E7AC-40AB-BBD9-D419FFB19BBB}.Release|x64.Build.0 = Release|Any CPU
		{B7D96A35-E7AC-40AB-BBD9-D419FFB19BBB}.Release|x86.ActiveCfg = Release|Any CPU
		{B7D96A35-E7AC-40AB-BBD9-D419FFB19BBB}.Release|x86.Build.0 = Release|Any CPU
		{994049B4-8C8C-441F-8CB3-5EF0DCD3A642}.Debug|Any CPU.ActiveCfg = Debug|Any CPU
		{994049B4-8C8C-441F-8CB3-5EF0DCD3A642}.Debug|Any CPU.Build.0 = Debug|Any CPU
		{994049B4-8C8C-441F-8CB3-5EF0DCD3A642}.Debug|x64.ActiveCfg = Debug|Any CPU
		{994049B4-8C8C-441F-8CB3-5EF0DCD3A642}.Debug|x64.Build.0 = Debug|Any CPU
		{994049B4-8C8C-441F-8CB3-5EF0DCD3A642}.Debug|x86.ActiveCfg = Debug|Any CPU
		{994049B4-8C8C-441F-8CB3-5EF0DCD3A642}.Debug|x86.Build.0 = Debug|Any CPU
		{994049B4-8C8C-441F-8CB3-5EF0DCD3A642}.EasyTest|Any CPU.ActiveCfg = Release|Any CPU
		{994049B4-8C8C-441F-8CB3-5EF0DCD3A642}.EasyTest|Any CPU.Build.0 = Release|Any CPU
		{994049B4-8C8C-441F-8CB3-5EF0DCD3A642}.EasyTest|x64.ActiveCfg = Release|Any CPU
		{994049B4-8C8C-441F-8CB3-5EF0DCD3A642}.EasyTest|x64.Build.0 = Release|Any CPU
		{994049B4-8C8C-441F-8CB3-5EF0DCD3A642}.EasyTest|x86.ActiveCfg = Release|Any CPU
		{994049B4-8C8C-441F-8CB3-5EF0DCD3A642}.EasyTest|x86.Build.0 = Release|Any CPU
		{994049B4-8C8C-441F-8CB3-5EF0DCD3A642}.Release|Any CPU.ActiveCfg = Release|Any CPU
		{994049B4-8C8C-441F-8CB3-5EF0DCD3A642}.Release|Any CPU.Build.0 = Release|Any CPU
		{994049B4-8C8C-441F-8CB3-5EF0DCD3A642}.Release|x64.ActiveCfg = Release|Any CPU
		{994049B4-8C8C-441F-8CB3-5EF0DCD3A642}.Release|x64.Build.0 = Release|Any CPU
		{994049B4-8C8C-441F-8CB3-5EF0DCD3A642}.Release|x86.ActiveCfg = Release|Any CPU
		{994049B4-8C8C-441F-8CB3-5EF0DCD3A642}.Release|x86.Build.0 = Release|Any CPU
		{05A982AF-40B2-4E86-84AF-E05D8F96AE07}.Debug|Any CPU.ActiveCfg = Debug|Any CPU
		{05A982AF-40B2-4E86-84AF-E05D8F96AE07}.Debug|Any CPU.Build.0 = Debug|Any CPU
		{05A982AF-40B2-4E86-84AF-E05D8F96AE07}.Debug|x64.ActiveCfg = Debug|Any CPU
		{05A982AF-40B2-4E86-84AF-E05D8F96AE07}.Debug|x64.Build.0 = Debug|Any CPU
		{05A982AF-40B2-4E86-84AF-E05D8F96AE07}.Debug|x86.ActiveCfg = Debug|Any CPU
		{05A982AF-40B2-4E86-84AF-E05D8F96AE07}.Debug|x86.Build.0 = Debug|Any CPU
		{05A982AF-40B2-4E86-84AF-E05D8F96AE07}.EasyTest|Any CPU.ActiveCfg = Release|Any CPU
		{05A982AF-40B2-4E86-84AF-E05D8F96AE07}.EasyTest|Any CPU.Build.0 = Release|Any CPU
		{05A982AF-40B2-4E86-84AF-E05D8F96AE07}.EasyTest|x64.ActiveCfg = Release|Any CPU
		{05A982AF-40B2-4E86-84AF-E05D8F96AE07}.EasyTest|x64.Build.0 = Release|Any CPU
		{05A982AF-40B2-4E86-84AF-E05D8F96AE07}.EasyTest|x86.ActiveCfg = Release|Any CPU
		{05A982AF-40B2-4E86-84AF-E05D8F96AE07}.EasyTest|x86.Build.0 = Release|Any CPU
		{05A982AF-40B2-4E86-84AF-E05D8F96AE07}.Release|Any CPU.ActiveCfg = Release|Any CPU
		{05A982AF-40B2-4E86-84AF-E05D8F96AE07}.Release|Any CPU.Build.0 = Release|Any CPU
		{05A982AF-40B2-4E86-84AF-E05D8F96AE07}.Release|x64.ActiveCfg = Release|Any CPU
		{05A982AF-40B2-4E86-84AF-E05D8F96AE07}.Release|x64.Build.0 = Release|Any CPU
		{05A982AF-40B2-4E86-84AF-E05D8F96AE07}.Release|x86.ActiveCfg = Release|Any CPU
		{05A982AF-40B2-4E86-84AF-E05D8F96AE07}.Release|x86.Build.0 = Release|Any CPU
		{6F5181E8-0F79-4588-A73F-7EC85F2162E9}.Debug|Any CPU.ActiveCfg = Debug|Any CPU
		{6F5181E8-0F79-4588-A73F-7EC85F2162E9}.Debug|Any CPU.Build.0 = Debug|Any CPU
		{6F5181E8-0F79-4588-A73F-7EC85F2162E9}.Debug|x64.ActiveCfg = Debug|Any CPU
		{6F5181E8-0F79-4588-A73F-7EC85F2162E9}.Debug|x64.Build.0 = Debug|Any CPU
		{6F5181E8-0F79-4588-A73F-7EC85F2162E9}.Debug|x86.ActiveCfg = Debug|Any CPU
		{6F5181E8-0F79-4588-A73F-7EC85F2162E9}.Debug|x86.Build.0 = Debug|Any CPU
		{6F5181E8-0F79-4588-A73F-7EC85F2162E9}.EasyTest|Any CPU.ActiveCfg = Release|Any CPU
		{6F5181E8-0F79-4588-A73F-7EC85F2162E9}.EasyTest|Any CPU.Build.0 = Release|Any CPU
		{6F5181E8-0F79-4588-A73F-7EC85F2162E9}.EasyTest|x64.ActiveCfg = Release|Any CPU
		{6F5181E8-0F79-4588-A73F-7EC85F2162E9}.EasyTest|x64.Build.0 = Release|Any CPU
		{6F5181E8-0F79-4588-A73F-7EC85F2162E9}.EasyTest|x86.ActiveCfg = Release|Any CPU
		{6F5181E8-0F79-4588-A73F-7EC85F2162E9}.EasyTest|x86.Build.0 = Release|Any CPU
		{6F5181E8-0F79-4588-A73F-7EC85F2162E9}.Release|Any CPU.ActiveCfg = Release|Any CPU
		{6F5181E8-0F79-4588-A73F-7EC85F2162E9}.Release|Any CPU.Build.0 = Release|Any CPU
		{6F5181E8-0F79-4588-A73F-7EC85F2162E9}.Release|x64.ActiveCfg = Release|Any CPU
		{6F5181E8-0F79-4588-A73F-7EC85F2162E9}.Release|x64.Build.0 = Release|Any CPU
		{6F5181E8-0F79-4588-A73F-7EC85F2162E9}.Release|x86.ActiveCfg = Release|Any CPU
		{6F5181E8-0F79-4588-A73F-7EC85F2162E9}.Release|x86.Build.0 = Release|Any CPU
		{6E100E0C-ED43-44DF-A7BD-903C2EC7F1C7}.Debug|Any CPU.ActiveCfg = Debug|Any CPU
		{6E100E0C-ED43-44DF-A7BD-903C2EC7F1C7}.Debug|Any CPU.Build.0 = Debug|Any CPU
		{6E100E0C-ED43-44DF-A7BD-903C2EC7F1C7}.Debug|x64.ActiveCfg = Debug|Any CPU
		{6E100E0C-ED43-44DF-A7BD-903C2EC7F1C7}.Debug|x64.Build.0 = Debug|Any CPU
		{6E100E0C-ED43-44DF-A7BD-903C2EC7F1C7}.Debug|x86.ActiveCfg = Debug|Any CPU
		{6E100E0C-ED43-44DF-A7BD-903C2EC7F1C7}.Debug|x86.Build.0 = Debug|Any CPU
		{6E100E0C-ED43-44DF-A7BD-903C2EC7F1C7}.EasyTest|Any CPU.ActiveCfg = Release|Any CPU
		{6E100E0C-ED43-44DF-A7BD-903C2EC7F1C7}.EasyTest|Any CPU.Build.0 = Release|Any CPU
		{6E100E0C-ED43-44DF-A7BD-903C2EC7F1C7}.EasyTest|x64.ActiveCfg = Release|Any CPU
		{6E100E0C-ED43-44DF-A7BD-903C2EC7F1C7}.EasyTest|x64.Build.0 = Release|Any CPU
		{6E100E0C-ED43-44DF-A7BD-903C2EC7F1C7}.EasyTest|x86.ActiveCfg = Release|Any CPU
		{6E100E0C-ED43-44DF-A7BD-903C2EC7F1C7}.EasyTest|x86.Build.0 = Release|Any CPU
		{6E100E0C-ED43-44DF-A7BD-903C2EC7F1C7}.Release|Any CPU.ActiveCfg = Release|Any CPU
		{6E100E0C-ED43-44DF-A7BD-903C2EC7F1C7}.Release|Any CPU.Build.0 = Release|Any CPU
		{6E100E0C-ED43-44DF-A7BD-903C2EC7F1C7}.Release|x64.ActiveCfg = Release|Any CPU
		{6E100E0C-ED43-44DF-A7BD-903C2EC7F1C7}.Release|x64.Build.0 = Release|Any CPU
		{6E100E0C-ED43-44DF-A7BD-903C2EC7F1C7}.Release|x86.ActiveCfg = Release|Any CPU
		{6E100E0C-ED43-44DF-A7BD-903C2EC7F1C7}.Release|x86.Build.0 = Release|Any CPU
		{BE4F8A41-7B9A-47D2-BE5C-208DBDC58858}.Debug|Any CPU.ActiveCfg = Debug|Any CPU
		{BE4F8A41-7B9A-47D2-BE5C-208DBDC58858}.Debug|Any CPU.Build.0 = Debug|Any CPU
		{BE4F8A41-7B9A-47D2-BE5C-208DBDC58858}.Debug|x64.ActiveCfg = Debug|Any CPU
		{BE4F8A41-7B9A-47D2-BE5C-208DBDC58858}.Debug|x64.Build.0 = Debug|Any CPU
		{BE4F8A41-7B9A-47D2-BE5C-208DBDC58858}.Debug|x86.ActiveCfg = Debug|Any CPU
		{BE4F8A41-7B9A-47D2-BE5C-208DBDC58858}.Debug|x86.Build.0 = Debug|Any CPU
		{BE4F8A41-7B9A-47D2-BE5C-208DBDC58858}.EasyTest|Any CPU.ActiveCfg = Debug|Any CPU
		{BE4F8A41-7B9A-47D2-BE5C-208DBDC58858}.EasyTest|Any CPU.Build.0 = Debug|Any CPU
		{BE4F8A41-7B9A-47D2-BE5C-208DBDC58858}.EasyTest|x64.ActiveCfg = Debug|Any CPU
		{BE4F8A41-7B9A-47D2-BE5C-208DBDC58858}.EasyTest|x64.Build.0 = Debug|Any CPU
		{BE4F8A41-7B9A-47D2-BE5C-208DBDC58858}.EasyTest|x86.ActiveCfg = Debug|Any CPU
		{BE4F8A41-7B9A-47D2-BE5C-208DBDC58858}.EasyTest|x86.Build.0 = Debug|Any CPU
		{BE4F8A41-7B9A-47D2-BE5C-208DBDC58858}.Release|Any CPU.ActiveCfg = Release|Any CPU
		{BE4F8A41-7B9A-47D2-BE5C-208DBDC58858}.Release|Any CPU.Build.0 = Release|Any CPU
		{BE4F8A41-7B9A-47D2-BE5C-208DBDC58858}.Release|x64.ActiveCfg = Release|Any CPU
		{BE4F8A41-7B9A-47D2-BE5C-208DBDC58858}.Release|x64.Build.0 = Release|Any CPU
		{BE4F8A41-7B9A-47D2-BE5C-208DBDC58858}.Release|x86.ActiveCfg = Release|Any CPU
		{BE4F8A41-7B9A-47D2-BE5C-208DBDC58858}.Release|x86.Build.0 = Release|Any CPU
		{1E1134C0-572A-411D-AF0B-E7A59FEAEC8D}.Debug|Any CPU.ActiveCfg = Debug|Any CPU
		{1E1134C0-572A-411D-AF0B-E7A59FEAEC8D}.Debug|Any CPU.Build.0 = Debug|Any CPU
		{1E1134C0-572A-411D-AF0B-E7A59FEAEC8D}.Debug|x64.ActiveCfg = Debug|Any CPU
		{1E1134C0-572A-411D-AF0B-E7A59FEAEC8D}.Debug|x64.Build.0 = Debug|Any CPU
		{1E1134C0-572A-411D-AF0B-E7A59FEAEC8D}.Debug|x86.ActiveCfg = Debug|Any CPU
		{1E1134C0-572A-411D-AF0B-E7A59FEAEC8D}.Debug|x86.Build.0 = Debug|Any CPU
		{1E1134C0-572A-411D-AF0B-E7A59FEAEC8D}.EasyTest|Any CPU.ActiveCfg = Debug|Any CPU
		{1E1134C0-572A-411D-AF0B-E7A59FEAEC8D}.EasyTest|Any CPU.Build.0 = Debug|Any CPU
		{1E1134C0-572A-411D-AF0B-E7A59FEAEC8D}.EasyTest|x64.ActiveCfg = Debug|Any CPU
		{1E1134C0-572A-411D-AF0B-E7A59FEAEC8D}.EasyTest|x64.Build.0 = Debug|Any CPU
		{1E1134C0-572A-411D-AF0B-E7A59FEAEC8D}.EasyTest|x86.ActiveCfg = Debug|Any CPU
		{1E1134C0-572A-411D-AF0B-E7A59FEAEC8D}.EasyTest|x86.Build.0 = Debug|Any CPU
		{1E1134C0-572A-411D-AF0B-E7A59FEAEC8D}.Release|Any CPU.ActiveCfg = Release|Any CPU
		{1E1134C0-572A-411D-AF0B-E7A59FEAEC8D}.Release|Any CPU.Build.0 = Release|Any CPU
		{1E1134C0-572A-411D-AF0B-E7A59FEAEC8D}.Release|x64.ActiveCfg = Release|Any CPU
		{1E1134C0-572A-411D-AF0B-E7A59FEAEC8D}.Release|x64.Build.0 = Release|Any CPU
		{1E1134C0-572A-411D-AF0B-E7A59FEAEC8D}.Release|x86.ActiveCfg = Release|Any CPU
		{1E1134C0-572A-411D-AF0B-E7A59FEAEC8D}.Release|x86.Build.0 = Release|Any CPU
		{8772EC1C-224F-4DA6-9C8F-5D2C1C5D86CE}.Debug|Any CPU.ActiveCfg = Debug|Any CPU
		{8772EC1C-224F-4DA6-9C8F-5D2C1C5D86CE}.Debug|Any CPU.Build.0 = Debug|Any CPU
		{8772EC1C-224F-4DA6-9C8F-5D2C1C5D86CE}.Debug|x64.ActiveCfg = Debug|Any CPU
		{8772EC1C-224F-4DA6-9C8F-5D2C1C5D86CE}.Debug|x64.Build.0 = Debug|Any CPU
		{8772EC1C-224F-4DA6-9C8F-5D2C1C5D86CE}.Debug|x86.ActiveCfg = Debug|Any CPU
		{8772EC1C-224F-4DA6-9C8F-5D2C1C5D86CE}.Debug|x86.Build.0 = Debug|Any CPU
		{8772EC1C-224F-4DA6-9C8F-5D2C1C5D86CE}.EasyTest|Any CPU.ActiveCfg = Debug|Any CPU
		{8772EC1C-224F-4DA6-9C8F-5D2C1C5D86CE}.EasyTest|Any CPU.Build.0 = Debug|Any CPU
		{8772EC1C-224F-4DA6-9C8F-5D2C1C5D86CE}.EasyTest|x64.ActiveCfg = Debug|Any CPU
		{8772EC1C-224F-4DA6-9C8F-5D2C1C5D86CE}.EasyTest|x64.Build.0 = Debug|Any CPU
		{8772EC1C-224F-4DA6-9C8F-5D2C1C5D86CE}.EasyTest|x86.ActiveCfg = Debug|Any CPU
		{8772EC1C-224F-4DA6-9C8F-5D2C1C5D86CE}.EasyTest|x86.Build.0 = Debug|Any CPU
		{8772EC1C-224F-4DA6-9C8F-5D2C1C5D86CE}.Release|Any CPU.ActiveCfg = Release|Any CPU
		{8772EC1C-224F-4DA6-9C8F-5D2C1C5D86CE}.Release|Any CPU.Build.0 = Release|Any CPU
		{8772EC1C-224F-4DA6-9C8F-5D2C1C5D86CE}.Release|x64.ActiveCfg = Release|Any CPU
		{8772EC1C-224F-4DA6-9C8F-5D2C1C5D86CE}.Release|x64.Build.0 = Release|Any CPU
		{8772EC1C-224F-4DA6-9C8F-5D2C1C5D86CE}.Release|x86.ActiveCfg = Release|Any CPU
		{8772EC1C-224F-4DA6-9C8F-5D2C1C5D86CE}.Release|x86.Build.0 = Release|Any CPU
		{7C3C9889-00B7-4CC8-B98B-E02F3A6A1784}.Debug|Any CPU.ActiveCfg = Debug|Any CPU
		{7C3C9889-00B7-4CC8-B98B-E02F3A6A1784}.Debug|Any CPU.Build.0 = Debug|Any CPU
		{7C3C9889-00B7-4CC8-B98B-E02F3A6A1784}.Debug|x64.ActiveCfg = Debug|Any CPU
		{7C3C9889-00B7-4CC8-B98B-E02F3A6A1784}.Debug|x64.Build.0 = Debug|Any CPU
		{7C3C9889-00B7-4CC8-B98B-E02F3A6A1784}.Debug|x86.ActiveCfg = Debug|Any CPU
		{7C3C9889-00B7-4CC8-B98B-E02F3A6A1784}.Debug|x86.Build.0 = Debug|Any CPU
		{7C3C9889-00B7-4CC8-B98B-E02F3A6A1784}.EasyTest|Any CPU.ActiveCfg = Debug|Any CPU
		{7C3C9889-00B7-4CC8-B98B-E02F3A6A1784}.EasyTest|Any CPU.Build.0 = Debug|Any CPU
		{7C3C9889-00B7-4CC8-B98B-E02F3A6A1784}.EasyTest|x64.ActiveCfg = Debug|Any CPU
		{7C3C9889-00B7-4CC8-B98B-E02F3A6A1784}.EasyTest|x64.Build.0 = Debug|Any CPU
		{7C3C9889-00B7-4CC8-B98B-E02F3A6A1784}.EasyTest|x86.ActiveCfg = Debug|Any CPU
		{7C3C9889-00B7-4CC8-B98B-E02F3A6A1784}.EasyTest|x86.Build.0 = Debug|Any CPU
		{7C3C9889-00B7-4CC8-B98B-E02F3A6A1784}.Release|Any CPU.ActiveCfg = Release|Any CPU
		{7C3C9889-00B7-4CC8-B98B-E02F3A6A1784}.Release|Any CPU.Build.0 = Release|Any CPU
		{7C3C9889-00B7-4CC8-B98B-E02F3A6A1784}.Release|x64.ActiveCfg = Release|Any CPU
		{7C3C9889-00B7-4CC8-B98B-E02F3A6A1784}.Release|x64.Build.0 = Release|Any CPU
		{7C3C9889-00B7-4CC8-B98B-E02F3A6A1784}.Release|x86.ActiveCfg = Release|Any CPU
		{7C3C9889-00B7-4CC8-B98B-E02F3A6A1784}.Release|x86.Build.0 = Release|Any CPU
	EndGlobalSection
	GlobalSection(SolutionProperties) = preSolution
		HideSolutionNode = FALSE
	EndGlobalSection
	GlobalSection(NestedProjects) = preSolution
		{234B3053-DBE9-439B-A55C-6093AFA0550A} = {30D6581F-FDE9-47DD-B2F9-5A8A38159785}
		{B7D96A35-E7AC-40AB-BBD9-D419FFB19BBB} = {30D6581F-FDE9-47DD-B2F9-5A8A38159785}
		{994049B4-8C8C-441F-8CB3-5EF0DCD3A642} = {30D6581F-FDE9-47DD-B2F9-5A8A38159785}
		{05A982AF-40B2-4E86-84AF-E05D8F96AE07} = {30D6581F-FDE9-47DD-B2F9-5A8A38159785}
		{6F5181E8-0F79-4588-A73F-7EC85F2162E9} = {30D6581F-FDE9-47DD-B2F9-5A8A38159785}
		{6E100E0C-ED43-44DF-A7BD-903C2EC7F1C7} = {30D6581F-FDE9-47DD-B2F9-5A8A38159785}
		{BE4F8A41-7B9A-47D2-BE5C-208DBDC58858} = {BFC82F49-97D1-45FA-B7B4-8E7CA56AB5F8}
		{1E1134C0-572A-411D-AF0B-E7A59FEAEC8D} = {BFC82F49-97D1-45FA-B7B4-8E7CA56AB5F8}
		{8772EC1C-224F-4DA6-9C8F-5D2C1C5D86CE} = {BFC82F49-97D1-45FA-B7B4-8E7CA56AB5F8}
		{7C3C9889-00B7-4CC8-B98B-E02F3A6A1784} = {BFC82F49-97D1-45FA-B7B4-8E7CA56AB5F8}
	EndGlobalSection
	GlobalSection(ExtensibilityGlobals) = postSolution
		SolutionGuid = {F43A54D2-F20D-44AC-8363-64AD12007A1A}
	EndGlobalSection
EndGlobal
